{
  "nodes": {
    "agenix": {
      "inputs": {
        "darwin": "darwin",
        "nixpkgs": [
          "nixpkgs"
        ]
      },
      "locked": {
        "lastModified": 1675176355,
        "narHash": "sha256-Qjxh5cmN56siY97mzmBLI1+cdjXSPqmfPVsKxBvHmwI=",
        "owner": "ryantm",
        "repo": "agenix",
        "rev": "b7ffcfe77f817d9ee992640ba1f270718d197f28",
        "type": "github"
      },
      "original": {
        "owner": "ryantm",
        "repo": "agenix",
        "type": "github"
      }
    },
    "baduhai-nur": {
      "inputs": {
        "nixpkgs": "nixpkgs"
      },
      "locked": {
        "lastModified": 1675542318,
        "narHash": "sha256-TOrGUtIS47MlacDiZgsRFWBod14qO4XgP3L1Byq4r6o=",
        "owner": "baduhai",
        "repo": "nur",
        "rev": "c180759f25f59d3897b8154f3fb3c73adf5b4860",
        "type": "github"
      },
      "original": {
        "owner": "baduhai",
        "repo": "nur",
        "type": "github"
      }
    },
    "darwin": {
      "inputs": {
        "nixpkgs": [
          "agenix",
          "nixpkgs"
        ]
      },
      "locked": {
        "lastModified": 1673295039,
        "narHash": "sha256-AsdYgE8/GPwcelGgrntlijMg4t3hLFJFCRF3tL5WVjA=",
        "owner": "lnl7",
        "repo": "nix-darwin",
        "rev": "87b9d090ad39b25b2400029c64825fc2a8868943",
        "type": "github"
      },
      "original": {
        "owner": "lnl7",
        "ref": "master",
        "repo": "nix-darwin",
        "type": "github"
      }
    },
    "deploy-rs": {
      "inputs": {
        "flake-compat": "flake-compat",
        "nixpkgs": [
          "nixpkgs"
        ],
        "utils": "utils"
      },
      "locked": {
        "lastModified": 1674127017,
        "narHash": "sha256-QO1xF7stu5ZMDLbHN30LFolMAwY6TVlzYvQoUs1RD68=",
        "owner": "serokell",
        "repo": "deploy-rs",
        "rev": "8c9ea9605eed20528bf60fae35a2b613b901fd77",
        "type": "github"
      },
      "original": {
        "owner": "serokell",
        "repo": "deploy-rs",
        "type": "github"
      }
    },
    "dotfiles": {
      "flake": false,
      "locked": {
        "lastModified": 1674831490,
        "narHash": "sha256-Ru1K9exsPAbFddzzXUSEOYuFtnDCO756PQsSMk8DOB8=",
        "owner": "baduhai",
        "repo": "dotfiles",
        "rev": "9d7349b1579dbb06e097a44898972c184dfa0f24",
        "type": "github"
      },
      "original": {
        "owner": "baduhai",
        "repo": "dotfiles",
        "type": "github"
      }
    },
    "flake-compat": {
      "flake": false,
      "locked": {
        "lastModified": 1668681692,
        "narHash": "sha256-Ht91NGdewz8IQLtWZ9LCeNXMSXHUss+9COoqu6JLmXU=",
        "owner": "edolstra",
        "repo": "flake-compat",
        "rev": "009399224d5e398d03b22badca40a37ac85412a1",
        "type": "github"
      },
      "original": {
        "owner": "edolstra",
        "repo": "flake-compat",
        "type": "github"
      }
    },
    "home-manager": {
      "inputs": {
        "nixpkgs": [
          "nixpkgs"
        ],
        "utils": "utils_2"
      },
      "locked": {
        "lastModified": 1675935446,
        "narHash": "sha256-WajulTn7QdwC7QuXRBavrANuIXE5z+08EdxdRw1qsNs=",
        "owner": "nix-community",
        "repo": "home-manager",
        "rev": "2dce7f1a55e785a22d61668516df62899278c9e4",
        "type": "github"
      },
      "original": {
        "owner": "nix-community",
        "ref": "master",
        "repo": "home-manager",
        "type": "github"
      }
    },
    "home-manager-stable": {
      "inputs": {
        "nixpkgs": [
          "nixpkgs-stable"
        ],
        "utils": "utils_3"
      },
      "locked": {
        "lastModified": 1674440933,
        "narHash": "sha256-CASRcD/rK3fn5vUCti3jzry7zi0GsqRsBohNq9wPgLs=",
        "owner": "nix-community",
        "repo": "home-manager",
        "rev": "65c47ced082e3353113614f77b1bc18822dc731f",
        "type": "github"
      },
      "original": {
        "owner": "nix-community",
        "ref": "release-22.11",
        "repo": "home-manager",
        "type": "github"
      }
    },
    "homepage": {
      "flake": false,
      "locked": {
        "lastModified": 1672941741,
        "narHash": "sha256-fnqwmvogqHwj2qOIz2YY6btSSbR2OKSzDjdGkzrCAIA=",
        "owner": "baduhai",
        "repo": "homepage",
        "rev": "7570db674ed1bf143763e1ff830a76f998c4198f",
        "type": "github"
      },
      "original": {
        "owner": "baduhai",
        "repo": "homepage",
        "type": "github"
      }
    },
    "kmonad": {
      "inputs": {
        "nixpkgs": [
          "nixpkgs"
        ]
      },
      "locked": {
        "dir": "nix",
        "lastModified": 1673185501,
        "narHash": "sha256-uEtWPpl9nH7QqochHo1z+giPga1zXR1Ko3dOXHIapFY=",
        "owner": "kmonad",
        "repo": "kmonad",
        "rev": "3413f1be996142c8ef4f36e246776a6df7175979",
        "type": "github"
      },
      "original": {
        "dir": "nix",
        "owner": "kmonad",
        "repo": "kmonad",
        "type": "github"
      }
    },
    "nixlib": {
      "locked": {
        "lastModified": 1636849918,
        "narHash": "sha256-nzUK6dPcTmNVrgTAC1EOybSMsrcx+QrVPyqRdyKLkjA=",
        "owner": "nix-community",
        "repo": "nixpkgs.lib",
        "rev": "28a5b0557f14124608db68d3ee1f77e9329e9dd5",
        "type": "github"
      },
      "original": {
        "owner": "nix-community",
        "repo": "nixpkgs.lib",
        "type": "github"
      }
    },
    "nixos-generators": {
      "inputs": {
        "nixlib": "nixlib",
        "nixpkgs": [
          "nixpkgs-stable"
        ]
      },
      "locked": {
        "lastModified": 1674666581,
        "narHash": "sha256-KNI2s/xrL7WOYaPJAWKBtb7cCH3335rLfsL+B+ssuGY=",
        "owner": "nix-community",
        "repo": "nixos-generators",
        "rev": "6a5dc1d3d557ea7b5c19b15ff91955124d0400fa",
        "type": "github"
      },
      "original": {
        "owner": "nix-community",
        "repo": "nixos-generators",
        "type": "github"
      }
    },
    "nixpkgs": {
      "locked": {
        "lastModified": 1624561540,
        "narHash": "sha256-izJ2PYZMGMsSkg+e7c9A1x3t/yOLT+qzUM6WQsc2tqo=",
        "owner": "NixOS",
        "repo": "nixpkgs",
        "rev": "c6a049a3d32293b24c0f894a840872cf67fd7c11",
        "type": "github"
      },
      "original": {
        "owner": "NixOS",
        "ref": "nixpkgs-unstable",
        "repo": "nixpkgs",
        "type": "github"
      }
    },
    "nixpkgs-stable": {
      "locked": {
        "lastModified": 1675918889,
        "narHash": "sha256-hy7re4F9AEQqwZxubct7jBRos6md26bmxnCjxf5utJA=",
        "owner": "nixos",
        "repo": "nixpkgs",
        "rev": "49efda9011e8cdcd6c1aad30384cb1dc230c82fe",
        "type": "github"
      },
      "original": {
        "owner": "nixos",
        "ref": "nixos-22.11",
        "repo": "nixpkgs",
        "type": "github"
      }
    },
    "nixpkgs_2": {
      "locked": {
        "lastModified": 1675942811,
        "narHash": "sha256-/v4Z9mJmADTpXrdIlAjFa1e+gkpIIROR670UVDQFwIw=",
        "owner": "nixos",
        "repo": "nixpkgs",
        "rev": "724bfc0892363087709bd3a5a1666296759154b1",
        "type": "github"
      },
      "original": {
        "owner": "nixos",
        "ref": "nixos-unstable",
        "repo": "nixpkgs",
        "type": "github"
      }
    },
    "root": {
      "inputs": {
        "agenix": "agenix",
        "baduhai-nur": "baduhai-nur",
        "deploy-rs": "deploy-rs",
        "dotfiles": "dotfiles",
        "home-manager": "home-manager",
        "home-manager-stable": "home-manager-stable",
        "homepage": "homepage",
        "kmonad": "kmonad",
        "nixos-generators": "nixos-generators",
        "nixpkgs": "nixpkgs_2",
        "nixpkgs-stable": "nixpkgs-stable"
      }
    },
    "utils": {
      "locked": {
        "lastModified": 1667395993,
        "narHash": "sha256-nuEHfE/LcWyuSWnS8t12N1wc105Qtau+/OdUAjtQ0rA=",
        "owner": "numtide",
        "repo": "flake-utils",
        "rev": "5aed5285a952e0b949eb3ba02c12fa4fcfef535f",
        "type": "github"
      },
      "original": {
        "owner": "numtide",
        "repo": "flake-utils",
        "type": "github"
      }
    },
    "utils_2": {
      "locked": {
        "lastModified": 1667395993,
        "narHash": "sha256-nuEHfE/LcWyuSWnS8t12N1wc105Qtau+/OdUAjtQ0rA=",
        "owner": "numtide",
        "repo": "flake-utils",
        "rev": "5aed5285a952e0b949eb3ba02c12fa4fcfef535f",
        "type": "github"
      },
      "original": {
        "owner": "numtide",
        "repo": "flake-utils",
        "type": "github"
      }
    },
    "utils_3": {
      "locked": {
        "lastModified": 1667395993,
        "narHash": "sha256-nuEHfE/LcWyuSWnS8t12N1wc105Qtau+/OdUAjtQ0rA=",
        "owner": "numtide",
        "repo": "flake-utils",
        "rev": "5aed5285a952e0b949eb3ba02c12fa4fcfef535f",
        "type": "github"
      },
      "original": {
        "owner": "numtide",
        "repo": "flake-utils",
        "type": "github"
      }
    }
  },
  "root": "root",
  "version": 7
}
